
Microsoft Visual Studio Solution File, Format Version 12.00
# Visual Studio Version 17
VisualStudioVersion = 17.3.32804.467
MinimumVisualStudioVersion = 10.0.40219.1
Project("{FAE04EC0-301F-11D3-BF4B-00C04F79EFBC}") = "BenLys.EcommerceAPI", "BenLys.EcommerceAPI.csproj", "{7B1575D7-217F-495B-B89B-FD21B7FB4DAE}"
EndProject
Global
	GlobalSection(SolutionConfigurationPlatforms) = preSolution
		Debug|Any CPU = Debug|Any CPU
		Release|Any CPU = Release|Any CPU
	EndGlobalSection
	GlobalSection(ProjectConfigurationPlatforms) = postSolution
		{7B1575D7-217F-495B-B89B-FD21B7FB4DAE}.Debug|Any CPU.ActiveCfg = Debug|Any CPU
		{7B1575D7-217F-495B-B89B-FD21B7FB4DAE}.Debug|Any CPU.Build.0 = Debug|Any CPU
		{7B1575D7-217F-495B-B89B-FD21B7FB4DAE}.Release|Any CPU.ActiveCfg = Release|Any CPU
		{7B1575D7-217F-495B-B89B-FD21B7FB4DAE}.Release|Any CPU.Build.0 = Release|Any CPU
	EndGlobalSection
	GlobalSection(SolutionProperties) = preSolution
		HideSolutionNode = FALSE
	EndGlobalSection
	GlobalSection(ExtensibilityGlobals) = postSolution
		SolutionGuid = {7ECEE102-583F-45E9-AE4C-23E4F206CF6B}
	EndGlobalSection
EndGlobal
